# THIS IS AN AUTOGENERATED FILE. DO NOT EDIT THIS FILE DIRECTLY.
# yarn lockfile v1


"@pomegranate/plugin-tools@^2.0.7":
  version "2.0.7"
  resolved "https://registry.yarnpkg.com/@pomegranate/plugin-tools/-/plugin-tools-2.0.7.tgz#d5dd6a091012906c431796b50213dee5687ea234"
  integrity sha512-MPE0smla198bCZzw+fkwPZRk7rQ/yxKYtdyYLTyjNZZbJ8GPph8e6NcTvGFLcCHPuh71q1XCHLFUwGKGczdaIg==
  dependencies:
    "@types/lodash" "^4.14.123"
    bluebird "^3.5.3"
    fs-extra "^7.0.1"
    lodash "^4.17.11"
    lodash-fun "^1.7.0"

"@types/lodash@^4.14.123":
  version "4.14.123"
  resolved "https://registry.yarnpkg.com/@types/lodash/-/lodash-4.14.123.tgz#39be5d211478c8dd3bdae98ee75bb7efe4abfe4d"
  integrity sha512-pQvPkc4Nltyx7G1Ww45OjVqUsJP4UsZm+GWJpigXgkikZqJgRm4c48g027o6tdgubWHwFRF15iFd+Y4Pmqv6+Q==

"@types/node@*":
  version "11.13.8"
  resolved "https://registry.yarnpkg.com/@types/node/-/node-11.13.8.tgz#e5d71173c95533be9842b2c798978f095f912aab"
  integrity sha512-szA3x/3miL90ZJxUCzx9haNbK5/zmPieGraZEe4WI+3srN0eGLiT22NXeMHmyhNEopn+IrxqMc7wdVwvPl8meg==

"@types/node@^11.13.7":
  version "11.13.7"
  resolved "https://registry.yarnpkg.com/@types/node/-/node-11.13.7.tgz#85dbb71c510442d00c0631f99dae957ce44fd104"
  integrity sha512-suFHr6hcA9mp8vFrZTgrmqW2ZU3mbWsryQtQlY/QvwTISCw7nw/j+bCQPPohqmskhmqa5wLNuMHTTsc+xf1MQg==

"@types/redis@^2.8.12":
  version "2.8.12"
  resolved "https://registry.yarnpkg.com/@types/redis/-/redis-2.8.12.tgz#6405d7ece0d6cc037151b7141cef9ad3cd06f3ac"
  integrity sha512-eT5cGYr08OnF6OlAHdc2hVOBAKBpfQQNQHsWEvUwRPFiXRd+vv+hOHSSIo4xB7M5vZOZdjMT2OUlXYqo3YlIGQ==
  dependencies:
    "@types/node" "*"

bluebird@^3.5.3, bluebird@^3.5.4:
  version "3.5.4"
  resolved "https://registry.yarnpkg.com/bluebird/-/bluebird-3.5.4.tgz#d6cc661595de30d5b3af5fcedd3c0b3ef6ec5714"
  integrity sha512-FG+nFEZChJrbQ9tIccIfZJBz3J7mLrAhxakAbnrJWn8d7aKOC+LWifa0G+p4ZqKp4y13T7juYvdhq9NzKdsrjw==

double-ended-queue@^2.1.0-0:
  version "2.1.0-0"
  resolved "https://registry.yarnpkg.com/double-ended-queue/-/double-ended-queue-2.1.0-0.tgz#103d3527fd31528f40188130c841efdd78264e5c"
  integrity sha1-ED01J/0xUo9AGIEwyEHv3XgmTlw=

fs-extra@^7.0.1:
  version "7.0.1"
  resolved "https://registry.yarnpkg.com/fs-extra/-/fs-extra-7.0.1.tgz#4f189c44aa123b895f722804f55ea23eadc348e9"
  integrity sha512-YJDaCJZEnBmcbw13fvdAM9AwNOJwOzrE4pqMqBq5nFiEqXUqHwlK4B+3pUw6JNvfSPtX05xFHtYy/1ni01eGCw==
  dependencies:
    graceful-fs "^4.1.2"
    jsonfile "^4.0.0"
    universalify "^0.1.0"

graceful-fs@^4.1.2, graceful-fs@^4.1.6:
  version "4.1.15"
  resolved "https://registry.yarnpkg.com/graceful-fs/-/graceful-fs-4.1.15.tgz#ffb703e1066e8a0eeaa4c8b80ba9253eeefbfb00"
  integrity sha512-6uHUhOPEBgQ24HM+r6b/QwWfZq+yiFcipKFrOFiBEnWdy5sdzYoi+pJeQaPI5qOLRFqWmAXUPQNsielzdLoecA==

jsonfile@^4.0.0:
  version "4.0.0"
  resolved "https://registry.yarnpkg.com/jsonfile/-/jsonfile-4.0.0.tgz#8771aae0799b64076b76640fca058f9c10e33ecb"
  integrity sha1-h3Gq4HmbZAdrdmQPygWPnBDjPss=
  optionalDependencies:
    graceful-fs "^4.1.6"

lodash-fun@^1.7.0:
  version "1.7.0"
  resolved "https://registry.yarnpkg.com/lodash-fun/-/lodash-fun-1.7.0.tgz#a78727a395b86ff7d3048751369161df8973d7b7"
  integrity sha512-sH4jC1a8eyUVuEQ4CXM4KBegNo5eIna1komjgpuFWWm6g4+IEgqRJuALbpwfdl2c85YTiS9zFRbwaZKARcc/hA==
  dependencies:
    bluebird "^3.5.3"
    lodash "^4.17.11"

lodash@^4.17.11:
  version "4.17.19"
  resolved "https://registry.yarnpkg.com/lodash/-/lodash-4.17.19.tgz#e48ddedbe30b3321783c5b4301fbd353bc1e4a4b"
  integrity sha512-JNvd8XER9GQX0v2qJgsaN/mzFCNA5BRe/j8JN9d+tWyGLSodKQHKFicdwNYzWwI3wjRnaKPsGj1XkBjx/F96DQ==

redis-commands@^1.2.0:
  version "1.4.0"
  resolved "https://registry.yarnpkg.com/redis-commands/-/redis-commands-1.4.0.tgz#52f9cf99153efcce56a8f86af986bd04e988602f"
  integrity sha512-cu8EF+MtkwI4DLIT0x9P8qNTLFhQD4jLfxLR0cCNkeGzs87FN6879JOJwNQR/1zD7aSYNbU0hgsV9zGY71Itvw==

redis-parser@^2.6.0:
  version "2.6.0"
  resolved "https://registry.yarnpkg.com/redis-parser/-/redis-parser-2.6.0.tgz#52ed09dacac108f1a631c07e9b69941e7a19504b"
  integrity sha1-Uu0J2srBCPGmMcB+m2mUHnoZUEs=

redis@^2.8.0:
  version "2.8.0"
  resolved "https://registry.yarnpkg.com/redis/-/redis-2.8.0.tgz#202288e3f58c49f6079d97af7a10e1303ae14b02"
  integrity sha512-M1OkonEQwtRmZv4tEWF2VgpG0JWJ8Fv1PhlgT5+B+uNq2cA3Rt1Yt/ryoR+vQNOQcIEgdCdfH0jr3bDpihAw1A==
  dependencies:
    double-ended-queue "^2.1.0-0"
    redis-commands "^1.2.0"
    redis-parser "^2.6.0"

typescript@^3.4.5:
  version "3.4.5"
  resolved "https://registry.yarnpkg.com/typescript/-/typescript-3.4.5.tgz#2d2618d10bb566572b8d7aad5180d84257d70a99"
  integrity sha512-YycBxUb49UUhdNMU5aJ7z5Ej2XGmaIBL0x34vZ82fn3hGvD+bgrMrVDpatgz2f7YxUMJxMkbWxJZeAvDxVe7Vw==

universalify@^0.1.0:
  version "0.1.2"
  resolved "https://registry.yarnpkg.com/universalify/-/universalify-0.1.2.tgz#b646f69be3942dabcecc9d6639c80dc105efaa66"
  integrity sha512-rBJeI5CXAlmy1pV+617WB9J63U6XcazHHF2f2dbJix4XzpUF0RS3Zbj0FGIOCAva5P/d/GBOYaACQ1w+0azUkg==
